
Microsoft Visual Studio Solution File, Format Version 12.00
# Visual Studio Version 17
VisualStudioVersion = 17.10.35027.167
MinimumVisualStudioVersion = 10.0.40219.1
Project("{FAE04EC0-301F-11D3-BF4B-00C04F79EFBC}") = "ITIFinalProject", "ITIFinalProject\ITIFinalProject.csproj", "{14299DF8-95C3-409F-A059-33EC8D62FA5F}"
EndProject
Global
	GlobalSection(SolutionConfigurationPlatforms) = preSolution
		Debug|Any CPU = Debug|Any CPU
		Release|Any CPU = Release|Any CPU
	EndGlobalSection
	GlobalSection(ProjectConfigurationPlatforms) = postSolution
		{14299DF8-95C3-409F-A059-33EC8D62FA5F}.Debug|Any CPU.ActiveCfg = Debug|Any CPU
		{14299DF8-95C3-409F-A059-33EC8D62FA5F}.Debug|Any CPU.Build.0 = Debug|Any CPU
		{14299DF8-95C3-409F-A059-33EC8D62FA5F}.Release|Any CPU.ActiveCfg = Release|Any CPU
		{14299DF8-95C3-409F-A059-33EC8D62FA5F}.Release|Any CPU.Build.0 = Release|Any CPU
	EndGlobalSection
	GlobalSection(SolutionProperties) = preSolution
		HideSolutionNode = FALSE
	EndGlobalSection
	GlobalSection(ExtensibilityGlobals) = postSolution
		SolutionGuid = {78B2DDD7-C2F8-4221-91EF-95E8E679C4BE}
	EndGlobalSection
EndGlobal
